
Microsoft Visual Studio Solution File, Format Version 12.00
# Visual Studio Version 17
VisualStudioVersion = 17.13.35828.75 d17.13
MinimumVisualStudioVersion = 10.0.40219.1
Project("{FAE04EC0-301F-11D3-BF4B-00C04F79EFBC}") = "FastFood", "FastFood\FastFood.csproj", "{1E455530-8ACE-49E3-B6AE-217123E67E8F}"
EndProject
Global
	GlobalSection(SolutionConfigurationPlatforms) = preSolution
		Debug|Any CPU = Debug|Any CPU
		Release|Any CPU = Release|Any CPU
	EndGlobalSection
	GlobalSection(ProjectConfigurationPlatforms) = postSolution
		{1E455530-8ACE-49E3-B6AE-217123E67E8F}.Debug|Any CPU.ActiveCfg = Debug|Any CPU
		{1E455530-8ACE-49E3-B6AE-217123E67E8F}.Debug|Any CPU.Build.0 = Debug|Any CPU
		{1E455530-8ACE-49E3-B6AE-217123E67E8F}.Release|Any CPU.ActiveCfg = Release|Any CPU
		{1E455530-8ACE-49E3-B6AE-217123E67E8F}.Release|Any CPU.Build.0 = Release|Any CPU
	EndGlobalSection
	GlobalSection(SolutionProperties) = preSolution
		HideSolutionNode = FALSE
	EndGlobalSection
	GlobalSection(ExtensibilityGlobals) = postSolution
		SolutionGuid = {D002398D-24F0-4645-8033-B2248365641B}
	EndGlobalSection
EndGlobal
